Microsoft Visual Studio Solution File, Format Version 12.00
# Visual Studio 15
VisualStudioVersion = 15.0.27130.2027
MinimumVisualStudioVersion = 15.0.26124.0
Project("{9A19103F-16F7-4668-BE54-9A1E7A4F7556}") = "blazor-electron.Server", "blazor-electron.Server\blazor-electron.Server.csproj", "{BD4A5DA2-A11E-4D0D-A17D-0F5410F7F298}"
EndProject
Project("{9A19103F-16F7-4668-BE54-9A1E7A4F7556}") = "blazor-electron.App", "blazor-electron.App\blazor-electron.App.csproj", "{BB7205A6-A3CC-4104-BC31-75D10E611409}"
EndProject
Global
	GlobalSection(SolutionConfigurationPlatforms) = preSolution
		Debug|Any CPU = Debug|Any CPU
		Debug|x64 = Debug|x64
		Debug|x86 = Debug|x86
		Release|Any CPU = Release|Any CPU
		Release|x64 = Release|x64
		Release|x86 = Release|x86
	EndGlobalSection
	GlobalSection(ProjectConfigurationPlatforms) = postSolution
		{BB7205A6-A3CC-4104-BC31-75D10E611409}.Debug|Any CPU.ActiveCfg = Debug|Any CPU
		{BB7205A6-A3CC-4104-BC31-75D10E611409}.Debug|Any CPU.Build.0 = Debug|Any CPU
		{BB7205A6-A3CC-4104-BC31-75D10E611409}.Debug|x64.ActiveCfg = Debug|Any CPU
		{BB7205A6-A3CC-4104-BC31-75D10E611409}.Debug|x64.Build.0 = Debug|Any CPU
		{BB7205A6-A3CC-4104-BC31-75D10E611409}.Debug|x86.ActiveCfg = Debug|Any CPU
		{BB7205A6-A3CC-4104-BC31-75D10E611409}.Debug|x86.Build.0 = Debug|Any CPU
		{BB7205A6-A3CC-4104-BC31-75D10E611409}.Release|Any CPU.ActiveCfg = Release|Any CPU
		{BB7205A6-A3CC-4104-BC31-75D10E611409}.Release|Any CPU.Build.0 = Release|Any CPU
		{BB7205A6-A3CC-4104-BC31-75D10E611409}.Release|x64.ActiveCfg = Release|Any CPU
		{BB7205A6-A3CC-4104-BC31-75D10E611409}.Release|x64.Build.0 = Release|Any CPU
		{BB7205A6-A3CC-4104-BC31-75D10E611409}.Release|x86.ActiveCfg = Release|Any CPU
		{BB7205A6-A3CC-4104-BC31-75D10E611409}.Release|x86.Build.0 = Release|Any CPU
		{BD4A5DA2-A11E-4D0D-A17D-0F5410F7F298}.Debug|Any CPU.ActiveCfg = Debug|Any CPU
		{BD4A5DA2-A11E-4D0D-A17D-0F5410F7F298}.Debug|Any CPU.Build.0 = Debug|Any CPU
		{BD4A5DA2-A11E-4D0D-A17D-0F5410F7F298}.Debug|x64.ActiveCfg = Debug|Any CPU
		{BD4A5DA2-A11E-4D0D-A17D-0F5410F7F298}.Debug|x64.Build.0 = Debug|Any CPU
		{BD4A5DA2-A11E-4D0D-A17D-0F5410F7F298}.Debug|x86.ActiveCfg = Debug|Any CPU
		{BD4A5DA2-A11E-4D0D-A17D-0F5410F7F298}.Debug|x86.Build.0 = Debug|Any CPU
		{BD4A5DA2-A11E-4D0D-A17D-0F5410F7F298}.Release|Any CPU.ActiveCfg = Release|Any CPU
		{BD4A5DA2-A11E-4D0D-A17D-0F5410F7F298}.Release|Any CPU.Build.0 = Release|Any CPU
		{BD4A5DA2-A11E-4D0D-A17D-0F5410F7F298}.Release|x64.ActiveCfg = Release|Any CPU
		{BD4A5DA2-A11E-4D0D-A17D-0F5410F7F298}.Release|x64.Build.0 = Release|Any CPU
		{BD4A5DA2-A11E-4D0D-A17D-0F5410F7F298}.Release|x86.ActiveCfg = Release|Any CPU
		{BD4A5DA2-A11E-4D0D-A17D-0F5410F7F298}.Release|x86.Build.0 = Release|Any CPU
	EndGlobalSection
	GlobalSection(SolutionProperties) = preSolution
		HideSolutionNode = FALSE
	EndGlobalSection
	GlobalSection(ExtensibilityGlobals) = postSolution
		SolutionGuid = {5BF52687-4231-4B3F-86C0-D5D95AC5AB21}
	EndGlobalSection
EndGlobal
