
Microsoft Visual Studio Solution File, Format Version 12.00
# Visual Studio 15
VisualStudioVersion = 15.0.27703.2026
MinimumVisualStudioVersion = 10.0.40219.1
Project("{9A19103F-16F7-4668-BE54-9A1E7A4F7556}") = "Splendor.BatchMailer", "Splendor.BatchMailer.csproj", "{D8CADDA5-E942-48AD-8882-65F5F427CD3C}"
EndProject
Project("{2150E333-8FDC-42A3-9474-1A3956D46DE8}") = "Test", "Test", "{1A40400F-2964-4409-8E59-056A0C0443DE}"
EndProject
Project("{9A19103F-16F7-4668-BE54-9A1E7A4F7556}") = "Splendor.MailManager", "..\..\test\Splendor.MailManager\Splendor.MailManager.csproj", "{67BF258F-027B-4C21-9A0E-0023E42692F2}"
EndProject
Global
	GlobalSection(SolutionConfigurationPlatforms) = preSolution
		Debug|Any CPU = Debug|Any CPU
		Debug|x64 = Debug|x64
		Release|Any CPU = Release|Any CPU
		Release|x64 = Release|x64
	EndGlobalSection
	GlobalSection(ProjectConfigurationPlatforms) = postSolution
		{D8CADDA5-E942-48AD-8882-65F5F427CD3C}.Debug|Any CPU.ActiveCfg = Debug|Any CPU
		{D8CADDA5-E942-48AD-8882-65F5F427CD3C}.Debug|Any CPU.Build.0 = Debug|Any CPU
		{D8CADDA5-E942-48AD-8882-65F5F427CD3C}.Debug|x64.ActiveCfg = Debug|x64
		{D8CADDA5-E942-48AD-8882-65F5F427CD3C}.Debug|x64.Build.0 = Debug|x64
		{D8CADDA5-E942-48AD-8882-65F5F427CD3C}.Release|Any CPU.ActiveCfg = Release|Any CPU
		{D8CADDA5-E942-48AD-8882-65F5F427CD3C}.Release|Any CPU.Build.0 = Release|Any CPU
		{D8CADDA5-E942-48AD-8882-65F5F427CD3C}.Release|x64.ActiveCfg = Release|x64
		{D8CADDA5-E942-48AD-8882-65F5F427CD3C}.Release|x64.Build.0 = Release|x64
		{67BF258F-027B-4C21-9A0E-0023E42692F2}.Debug|Any CPU.ActiveCfg = Debug|Any CPU
		{67BF258F-027B-4C21-9A0E-0023E42692F2}.Debug|Any CPU.Build.0 = Debug|Any CPU
		{67BF258F-027B-4C21-9A0E-0023E42692F2}.Debug|x64.ActiveCfg = Debug|x64
		{67BF258F-027B-4C21-9A0E-0023E42692F2}.Debug|x64.Build.0 = Debug|x64
		{67BF258F-027B-4C21-9A0E-0023E42692F2}.Release|Any CPU.ActiveCfg = Release|Any CPU
		{67BF258F-027B-4C21-9A0E-0023E42692F2}.Release|Any CPU.Build.0 = Release|Any CPU
		{67BF258F-027B-4C21-9A0E-0023E42692F2}.Release|x64.ActiveCfg = Release|x64
		{67BF258F-027B-4C21-9A0E-0023E42692F2}.Release|x64.Build.0 = Release|x64
	EndGlobalSection
	GlobalSection(SolutionProperties) = preSolution
		HideSolutionNode = FALSE
	EndGlobalSection
	GlobalSection(NestedProjects) = preSolution
		{67BF258F-027B-4C21-9A0E-0023E42692F2} = {1A40400F-2964-4409-8E59-056A0C0443DE}
	EndGlobalSection
	GlobalSection(ExtensibilityGlobals) = postSolution
		SolutionGuid = {640DB9D2-BD14-4A64-B4F0-C7BFFFC74E54}
	EndGlobalSection
EndGlobal
